<?xml version="1.0" encoding="utf-8"?>
<Project ToolsVersion="4.0" xmlns="http://schemas.microsoft.com/developer/msbuild/2003">
  <ItemGroup>
    <Filter Include="Source Files">
      <UniqueIdentifier>{4FC737F1-C7A5-4376-A066-2A32D752A2FF}</UniqueIdentifier>
      <Extensions>cpp;c;cc;cxx;def;odl;idl;hpj;bat;asm;asmx</Extensions>
    </Filter>
    <Filter Include="Header Files">
      <UniqueIdentifier>{93995380-89BD-4b04-88EB-625FBE52EBFB}</UniqueIdentifier>
      <Extensions>h;hh;hpp;hxx;hm;inl;inc;xsd</Extensions>
    </Filter>
  </ItemGroup>
  <ItemGroup>
    <ClInclude Include="stdafx.h">
      <Filter>Header Files</Filter>
    </ClInclude>
    <ClInclude Include="targetver.h">
      <Filter>Header Files</Filter>
    </ClInclude>
    <ClInclude Include="bcrypt.h">
      <Filter>Header Files</Filter>
    </ClInclude>
    <ClInclude Include="blake.h">
      <Filter>Header Files</Filter>
    </ClInclude>
    <ClInclude Include="boolberry.h">
      <Filter>Header Files</Filter>
    </ClInclude>
    <ClInclude Include="c11.h">
      <Filter>Header Files</Filter>
    </ClInclude>
    <ClInclude Include="dcrypt.h">
      <Filter>Header Files</Filter>
    </ClInclude>
    <ClInclude Include="fresh.h">
      <Filter>Header Files</Filter>
    </ClInclude>
    <ClInclude Include="fugue.h">
      <Filter>Header Files</Filter>
    </ClInclude>
    <ClInclude Include="geek.h">
      <Filter>Header Files</Filter>
    </ClInclude>
    <ClInclude Include="groestl.h">
      <Filter>Header Files</Filter>
    </ClInclude>
    <ClInclude Include="hefty1.h">
      <Filter>Header Files</Filter>
    </ClInclude>
    <ClInclude Include="jh.h">
      <Filter>Header Files</Filter>
    </ClInclude>
    <ClInclude Include="keccak.h">
      <Filter>Header Files</Filter>
    </ClInclude>
    <ClInclude Include="neoscrypt.h">
      <Filter>Header Files</Filter>
    </ClInclude>
    <ClInclude Include="nist5.h">
      <Filter>Header Files</Filter>
    </ClInclude>
    <ClInclude Include="quark.h">
      <Filter>Header Files</Filter>
    </ClInclude>
    <ClInclude Include="qubit.h">
      <Filter>Header Files</Filter>
    </ClInclude>
    <ClInclude Include="s3.h">
      <Filter>Header Files</Filter>
    </ClInclude>
    <ClInclude Include="scryptjane.h">
      <Filter>Header Files</Filter>
    </ClInclude>
    <ClInclude Include="scryptn.h">
      <Filter>Header Files</Filter>
    </ClInclude>
    <ClInclude Include="shavite3.h">
      <Filter>Header Files</Filter>
    </ClInclude>
    <ClInclude Include="skein.h">
      <Filter>Header Files</Filter>
    </ClInclude>
    <ClInclude Include="stdint.h">
      <Filter>Header Files</Filter>
    </ClInclude>
    <ClInclude Include="x11.h">
      <Filter>Header Files</Filter>
    </ClInclude>
    <ClInclude Include="x13.h">
      <Filter>Header Files</Filter>
    </ClInclude>
    <ClInclude Include="x14.h">
      <Filter>Header Files</Filter>
    </ClInclude>
    <ClInclude Include="x15.h">
      <Filter>Header Files</Filter>
    </ClInclude>
    <ClInclude Include="sha256.h">
      <Filter>Header Files</Filter>
    </ClInclude>
    <ClInclude Include="sha256t.h">
      <Filter>Header Files</Filter>
    </ClInclude>
    <ClInclude Include="sha3\sph_blake.h">
      <Filter>Header Files</Filter>
    </ClInclude>
    <ClInclude Include="sha3\sph_bmw.h">
      <Filter>Header Files</Filter>
    </ClInclude>
    <ClInclude Include="sha3\sph_cubehash.h">
      <Filter>Header Files</Filter>
    </ClInclude>
    <ClInclude Include="sha3\sph_echo.h">
      <Filter>Header Files</Filter>
    </ClInclude>
    <ClInclude Include="sha3\sph_fugue.h">
      <Filter>Header Files</Filter>
    </ClInclude>
    <ClInclude Include="sha3\sph_groestl.h">
      <Filter>Header Files</Filter>
    </ClInclude>
    <ClInclude Include="sha3\sph_hamsi.h">
      <Filter>Header Files</Filter>
    </ClInclude>
    <ClInclude Include="sha3\sph_hefty1.h">
      <Filter>Header Files</Filter>
    </ClInclude>
    <ClInclude Include="sha3\sph_jh.h">
      <Filter>Header Files</Filter>
    </ClInclude>
    <ClInclude Include="sha3\sph_keccak.h">
      <Filter>Header Files</Filter>
    </ClInclude>
    <ClInclude Include="sha3\sph_luffa.h">
      <Filter>Header Files</Filter>
    </ClInclude>
    <ClInclude Include="sha3\sph_shabal.h">
      <Filter>Header Files</Filter>
    </ClInclude>
    <ClInclude Include="sha3\sph_shavite.h">
      <Filter>Header Files</Filter>
    </ClInclude>
    <ClInclude Include="sha3\sph_simd.h">
      <Filter>Header Files</Filter>
    </ClInclude>
    <ClInclude Include="sha3\sph_skein.h">
      <Filter>Header Files</Filter>
    </ClInclude>
    <ClInclude Include="sha3\sph_types.h">
      <Filter>Header Files</Filter>
    </ClInclude>
    <ClInclude Include="sha3\sph_whirlpool.h">
      <Filter>Header Files</Filter>
    </ClInclude>
    <ClInclude Include="Lyra2.h">
      <Filter>Header Files</Filter>
    </ClInclude>
    <ClInclude Include="Lyra2RE.h">
      <Filter>Header Files</Filter>
    </ClInclude>
    <ClInclude Include="Sponge.h">
      <Filter>Header Files</Filter>
    </ClInclude>
    <ClInclude Include="x17.h">
      <Filter>Header Files</Filter>
    </ClInclude>
    <ClInclude Include="sha3\sph_haval.h">
      <Filter>Header Files</Filter>
    </ClInclude>
    <ClInclude Include="sha3\sph_sha2.h">
      <Filter>Header Files</Filter>
    </ClInclude>
    <ClInclude Include="x16r.h">
      <Filter>Header Files</Filter>
    </ClInclude>
    <ClInclude Include="x16s.h">
      <Filter>Header Files</Filter>
    </ClInclude>
    <ClInclude Include="equi\equihashverify.h">
      <Filter>Header Files</Filter>
    </ClInclude>
    <ClInclude Include="equi\random.h">
      <Filter>Header Files</Filter>
    </ClInclude>
    <ClInclude Include="equi\serialize.h">
      <Filter>Header Files</Filter>
    </ClInclude>
    <ClInclude Include="equi\tinyformat.h">
      <Filter>Header Files</Filter>
    </ClInclude>
    <ClInclude Include="equi\uint256.h">
      <Filter>Header Files</Filter>
    </ClInclude>
    <ClInclude Include="equi\util.h">
      <Filter>Header Files</Filter>
    </ClInclude>
    <ClInclude Include="equi\utilstrencodings.h">
      <Filter>Header Files</Filter>
    </ClInclude>
    <ClInclude Include="equi\crypto\common.h">
      <Filter>Header Files</Filter>
    </ClInclude>
    <ClInclude Include="equi\crypto\equihash.h">
      <Filter>Header Files</Filter>
    </ClInclude>
    <ClInclude Include="equi\crypto\hmac_sha256.h">
      <Filter>Header Files</Filter>
    </ClInclude>
    <ClInclude Include="equi\crypto\hmac_sha512.h">
      <Filter>Header Files</Filter>
    </ClInclude>
    <ClInclude Include="equi\crypto\ripemd160.h">
      <Filter>Header Files</Filter>
    </ClInclude>
    <ClInclude Include="equi\crypto\sha1.h">
      <Filter>Header Files</Filter>
    </ClInclude>
    <ClInclude Include="equi\crypto\sha256.h">
      <Filter>Header Files</Filter>
    </ClInclude>
    <ClInclude Include="equi\crypto\sha512.h">
      <Filter>Header Files</Filter>
    </ClInclude>
    <ClInclude Include="equi\support\cleanse.h">
      <Filter>Header Files</Filter>
    </ClInclude>
    <ClInclude Include="equi\arith_uint256.h">
      <Filter>Header Files</Filter>
    </ClInclude>
    <ClInclude Include="portable_endian.h">
      <Filter>Header Files</Filter>
    </ClInclude>
    <ClInclude Include="sha3\sph_sm3.h">
      <Filter>Header Files</Filter>
    </ClInclude>
    <ClInclude Include="sha3\gost_streebog.h">
      <Filter>Header Files</Filter>
    </ClInclude>
    <ClInclude Include="sha3\sph_tiger.h">
      <Filter>Header Files</Filter>
    </ClInclude>
    <ClInclude Include="sha3\SWIFFTX.h">
      <Filter>Header Files</Filter>
    </ClInclude>
    <ClInclude Include="sha3\extra.h">
      <Filter>Header Files</Filter>
    </ClInclude>
    <ClInclude Include="x21s.h">
      <Filter>Header Files</Filter>
    </ClInclude>
    <ClInclude Include="KeccakP-800-SnP.h">
      <Filter>Header Files</Filter>
    </ClInclude>
    <ClInclude Include="odocrypt.h">
      <Filter>Header Files</Filter>
    </ClInclude>
    <ClInclude Include="brg_endian.h">
      <Filter>Header Files</Filter>
    </ClInclude>
    <ClInclude Include="lane.h">
      <Filter>Header Files</Filter>
    </ClInclude>
    <ClInclude Include="sha3\sph_panama.h">
      <Filter>Header Files</Filter>
    </ClInclude>
    <ClInclude Include="x22i.h">
      <Filter>Header Files</Filter>
    </ClInclude>
    <ClInclude Include="verthash\tiny_sha3\sha3.h">
      <Filter>Header Files</Filter>
    </ClInclude>
    <ClInclude Include="verthash\h2.h">
      <Filter>Header Files</Filter>
    </ClInclude>
    <ClInclude Include="blake2\ref\blake2.h">
      <Filter>Header Files</Filter>
    </ClInclude>
    <ClInclude Include="blake2\ref\blake2-impl.h">
      <Filter>Header Files</Filter>
    </ClInclude>
    <ClInclude Include="sha256csm.h">
      <Filter>Header Files</Filter>
    </ClInclude>
    <ClInclude Include="hmq17.h">
      <Filter>Header Files</Filter>
    </ClInclude>
    <ClInclude Include="phi.h">
      <Filter>Header Files</Filter>
    </ClInclude>
    <ClInclude Include="x16rv2.h">
      <Filter>Header Files</Filter>
    </ClInclude>
    <ClInclude Include="heavyhash\heavyhash.h">
      <Filter>Header Files</Filter>
    </ClInclude>
    <ClInclude Include="heavyhash\keccak_tiny.h">
      <Filter>Header Files</Filter>
    </ClInclude>
    <ClInclude Include="sha512_256.h">
      <Filter>Header Files</Filter>
    </ClInclude>
    <ClInclude Include="sha256dt.h">
      <Filter>Header Files</Filter>
    </ClInclude>
  </ItemGroup>
  <ItemGroup>
    <ClCompile Include="stdafx.cpp">
      <Filter>Source Files</Filter>
    </ClCompile>
    <ClCompile Include="dllmain.cpp">
      <Filter>Source Files</Filter>
    </ClCompile>
    <ClCompile Include="blake.c">
      <Filter>Source Files</Filter>
    </ClCompile>
    <ClCompile Include="bcrypt.c">
      <Filter>Source Files</Filter>
    </ClCompile>
    <ClCompile Include="c11.c">
      <Filter>Source Files</Filter>
    </ClCompile>
    <ClCompile Include="dcrypt.c">
      <Filter>Source Files</Filter>
    </ClCompile>
    <ClCompile Include="fresh.c">
      <Filter>Source Files</Filter>
    </ClCompile>
    <ClCompile Include="fugue.c">
      <Filter>Source Files</Filter>
    </ClCompile>
    <ClCompile Include="geek.c">
      <Filter>Source Files</Filter>
    </ClCompile>
    <ClCompile Include="groestl.c">
      <Filter>Source Files</Filter>
    </ClCompile>
    <ClCompile Include="hefty1.c">
      <Filter>Source Files</Filter>
    </ClCompile>
    <ClCompile Include="jh.c">
      <Filter>Source Files</Filter>
    </ClCompile>
    <ClCompile Include="keccak.c">
      <Filter>Source Files</Filter>
    </ClCompile>
    <ClCompile Include="neoscrypt.c">
      <Filter>Source Files</Filter>
    </ClCompile>
    <ClCompile Include="nist5.c">
      <Filter>Source Files</Filter>
    </ClCompile>
    <ClCompile Include="quark.c">
      <Filter>Source Files</Filter>
    </ClCompile>
    <ClCompile Include="qubit.c">
      <Filter>Source Files</Filter>
    </ClCompile>
    <ClCompile Include="s3.c">
      <Filter>Source Files</Filter>
    </ClCompile>
    <ClCompile Include="scryptn.c">
      <Filter>Source Files</Filter>
    </ClCompile>
    <ClCompile Include="shavite3.c">
      <Filter>Source Files</Filter>
    </ClCompile>
    <ClCompile Include="skein.c">
      <Filter>Source Files</Filter>
    </ClCompile>
    <ClCompile Include="x11.c">
      <Filter>Source Files</Filter>
    </ClCompile>
    <ClCompile Include="x13.c">
      <Filter>Source Files</Filter>
    </ClCompile>
    <ClCompile Include="x14.c">
      <Filter>Source Files</Filter>
    </ClCompile>
    <ClCompile Include="x15.c">
      <Filter>Source Files</Filter>
    </ClCompile>
    <ClCompile Include="sha3\aes_helper.c">
      <Filter>Source Files</Filter>
    </ClCompile>
    <ClCompile Include="sha3\hamsi.c">
      <Filter>Source Files</Filter>
    </ClCompile>
    <ClCompile Include="sha3\sph_blake.c">
      <Filter>Source Files</Filter>
    </ClCompile>
    <ClCompile Include="sha3\sph_bmw.c">
      <Filter>Source Files</Filter>
    </ClCompile>
    <ClCompile Include="sha3\sph_cubehash.c">
      <Filter>Source Files</Filter>
    </ClCompile>
    <ClCompile Include="sha3\sph_echo.c">
      <Filter>Source Files</Filter>
    </ClCompile>
    <ClCompile Include="sha3\sph_fugue.c">
      <Filter>Source Files</Filter>
    </ClCompile>
    <ClCompile Include="sha3\sph_groestl.c">
      <Filter>Source Files</Filter>
    </ClCompile>
    <ClCompile Include="sha3\sph_hefty1.c">
      <Filter>Source Files</Filter>
    </ClCompile>
    <ClCompile Include="sha3\sph_jh.c">
      <Filter>Source Files</Filter>
    </ClCompile>
    <ClCompile Include="sha3\sph_keccak.c">
      <Filter>Source Files</Filter>
    </ClCompile>
    <ClCompile Include="sha3\sph_luffa.c">
      <Filter>Source Files</Filter>
    </ClCompile>
    <ClCompile Include="sha3\sph_shabal.c">
      <Filter>Source Files</Filter>
    </ClCompile>
    <ClCompile Include="sha3\sph_shavite.c">
      <Filter>Source Files</Filter>
    </ClCompile>
    <ClCompile Include="sha3\sph_simd.c">
      <Filter>Source Files</Filter>
    </ClCompile>
    <ClCompile Include="sha3\sph_skein.c">
      <Filter>Source Files</Filter>
    </ClCompile>
    <ClCompile Include="sha3\sph_whirlpool.c">
      <Filter>Source Files</Filter>
    </ClCompile>
    <ClCompile Include="exports.cpp">
      <Filter>Source Files</Filter>
    </ClCompile>
    <ClCompile Include="Lyra2.c">
      <Filter>Source Files</Filter>
    </ClCompile>
    <ClCompile Include="Lyra2RE.c">
      <Filter>Source Files</Filter>
    </ClCompile>
    <ClCompile Include="Sponge.c">
      <Filter>Source Files</Filter>
    </ClCompile>
    <ClCompile Include="x17.c">
      <Filter>Source Files</Filter>
    </ClCompile>
    <ClCompile Include="sha3\sph_haval.c">
      <Filter>Source Files</Filter>
    </ClCompile>
    <ClCompile Include="sha3\sph_sha2.c">
      <Filter>Source Files</Filter>
    </ClCompile>
    <ClCompile Include="sha3\sph_sha2big.c">
      <Filter>Source Files</Filter>
    </ClCompile>
    <ClCompile Include="x16r.c">
      <Filter>Source Files</Filter>
    </ClCompile>
    <ClCompile Include="x16s.c">
      <Filter>Source Files</Filter>
    </ClCompile>
    <ClCompile Include="equi\arith_uint256.cpp">
      <Filter>Source Files</Filter>
    </ClCompile>
    <ClCompile Include="equi\equihashverify.cc">
      <Filter>Source Files</Filter>
    </ClCompile>
    <ClCompile Include="equi\random.cpp">
      <Filter>Source Files</Filter>
    </ClCompile>
    <ClCompile Include="equi\uint256.cpp">
      <Filter>Source Files</Filter>
    </ClCompile>
    <ClCompile Include="equi\util.cpp">
      <Filter>Source Files</Filter>
    </ClCompile>
    <ClCompile Include="equi\utilstrencodings.cpp">
      <Filter>Source Files</Filter>
    </ClCompile>
    <ClCompile Include="equi\crypto\equihash.cpp">
      <Filter>Source Files</Filter>
    </ClCompile>
    <ClCompile Include="equi\crypto\hmac_sha256.cpp">
      <Filter>Source Files</Filter>
    </ClCompile>
    <ClCompile Include="equi\crypto\hmac_sha512.cpp">
      <Filter>Source Files</Filter>
    </ClCompile>
    <ClCompile Include="equi\crypto\ripemd160.cpp">
      <Filter>Source Files</Filter>
    </ClCompile>
    <ClCompile Include="equi\crypto\sha1.cpp">
      <Filter>Source Files</Filter>
    </ClCompile>
    <ClCompile Include="equi\crypto\sha256.cpp">
      <Filter>Source Files</Filter>
    </ClCompile>
    <ClCompile Include="equi\crypto\sha512.cpp">
      <Filter>Source Files</Filter>
    </ClCompile>
    <ClCompile Include="equi\support\cleanse.cpp">
      <Filter>Source Files</Filter>
    </ClCompile>
    <ClCompile Include="sha3\sm3.c">
      <Filter>Source Files</Filter>
    </ClCompile>
    <ClCompile Include="sha3\gost_streebog.c">
      <Filter>Source Files</Filter>
    </ClCompile>
    <ClCompile Include="sha3\SWIFFTX.c">
      <Filter>Source Files</Filter>
    </ClCompile>
    <ClCompile Include="sha3\sph_tiger.c">
      <Filter>Source Files</Filter>
    </ClCompile>
    <ClCompile Include="sha3\extra.c">
      <Filter>Source Files</Filter>
    </ClCompile>
    <ClCompile Include="x21s.c">
      <Filter>Source Files</Filter>
    </ClCompile>
    <ClCompile Include="KeccakP-800-reference.c">
      <Filter>Source Files</Filter>
    </ClCompile>
    <ClCompile Include="lane.c">
      <Filter>Source Files</Filter>
    </ClCompile>
    <ClCompile Include="sha3\panama.c">
      <Filter>Source Files</Filter>
    </ClCompile>
    <ClCompile Include="x22i.c">
      <Filter>Source Files</Filter>
    </ClCompile>
    <ClCompile Include="verthash\h2.c">
      <Filter>Source Files</Filter>
    </ClCompile>
    <ClCompile Include="verthash\tiny_sha3\sha3.c">
      <Filter>Source Files</Filter>
    </ClCompile>
    <ClCompile Include="blake2\ref\blake2bp-ref.c">
      <Filter>Source Files</Filter>
    </ClCompile>
    <ClCompile Include="blake2\ref\blake2b-ref.c">
      <Filter>Source Files</Filter>
    </ClCompile>
    <ClCompile Include="blake2\ref\blake2sp-ref.c">
      <Filter>Source Files</Filter>
    </ClCompile>
    <ClCompile Include="blake2\ref\blake2s-ref.c">
      <Filter>Source Files</Filter>
    </ClCompile>
    <ClCompile Include="blake2\ref\blake2xb-ref.c">
      <Filter>Source Files</Filter>
    </ClCompile>
    <ClCompile Include="blake2\ref\blake2xs-ref.c">
      <Filter>Source Files</Filter>
    </ClCompile>
    <ClCompile Include="sha256csm.c">
      <Filter>Source Files</Filter>
    </ClCompile>
    <ClCompile Include="hmq17.c">
      <Filter>Source Files</Filter>
    </ClCompile>
    <ClCompile Include="phi.c">
      <Filter>Source Files</Filter>
    </ClCompile>
    <ClCompile Include="x16rv2.c">
      <Filter>Source Files</Filter>
    </ClCompile>
    <ClCompile Include="heavyhash\heavyhash.c">
      <Filter>Source Files</Filter>
    </ClCompile>
    <ClCompile Include="heavyhash\keccak_tiny.c">
      <Filter>Source Files</Filter>
    </ClCompile>
    <ClCompile Include="sha512_256.c">
      <Filter>Source Files</Filter>
    </ClCompile>
    <ClCompile Include="sha256dt.c">
      <Filter>Source Files</Filter>
    </ClCompile>
  </ItemGroup>
  <ItemGroup>
    <None Include="Makefile" />
    <None Include="equi\crypto\equihash.tcc" />
  </ItemGroup>
</Project>
