<?xml version="1.0" encoding="utf-8"?>
<Project ToolsVersion="4.0" xmlns="http://schemas.microsoft.com/developer/msbuild/2003">
  <ItemGroup>
    <Filter Include="Source Files">
      <UniqueIdentifier>{4FC737F1-C7A5-4376-A066-2A32D752A2FF}</UniqueIdentifier>
      <Extensions>cpp;c;cc;cxx;def;odl;idl;hpj;bat;asm;asmx</Extensions>
    </Filter>
    <Filter Include="Header Files">
      <UniqueIdentifier>{93995380-89BD-4b04-88EB-625FBE52EBFB}</UniqueIdentifier>
      <Extensions>h;hh;hpp;hxx;hm;inl;inc;xsd</Extensions>
    </Filter>
  </ItemGroup>
  <ItemGroup>
    <ClInclude Include="stdafx.h">
      <Filter>Header Files</Filter>
    </ClInclude>
    <ClInclude Include="targetver.h">
      <Filter>Header Files</Filter>
    </ClInclude>
    <ClInclude Include="bcrypt.h">
      <Filter>Header Files</Filter>
    </ClInclude>
    <ClInclude Include="blake.h">
      <Filter>Header Files</Filter>
    </ClInclude>
    <ClInclude Include="boolberry.h">
      <Filter>Header Files</Filter>
    </ClInclude>
    <ClInclude Include="c11.h">
      <Filter>Header Files</Filter>
    </ClInclude>
    <ClInclude Include="dcrypt.h">
      <Filter>Header Files</Filter>
    </ClInclude>
    <ClInclude Include="fresh.h">
      <Filter>Header Files</Filter>
    </ClInclude>
    <ClInclude Include="fugue.h">
      <Filter>Header Files</Filter>
    </ClInclude>
    <ClInclude Include="groestl.h">
      <Filter>Header Files</Filter>
    </ClInclude>
    <ClInclude Include="hefty1.h">
      <Filter>Header Files</Filter>
    </ClInclude>
    <ClInclude Include="jh.h">
      <Filter>Header Files</Filter>
    </ClInclude>
    <ClInclude Include="keccak.h">
      <Filter>Header Files</Filter>
    </ClInclude>
    <ClInclude Include="neoscrypt.h">
      <Filter>Header Files</Filter>
    </ClInclude>
    <ClInclude Include="nist5.h">
      <Filter>Header Files</Filter>
    </ClInclude>
    <ClInclude Include="quark.h">
      <Filter>Header Files</Filter>
    </ClInclude>
    <ClInclude Include="qubit.h">
      <Filter>Header Files</Filter>
    </ClInclude>
    <ClInclude Include="s3.h">
      <Filter>Header Files</Filter>
    </ClInclude>
    <ClInclude Include="scryptjane.h">
      <Filter>Header Files</Filter>
    </ClInclude>
    <ClInclude Include="scryptn.h">
      <Filter>Header Files</Filter>
    </ClInclude>
    <ClInclude Include="shavite3.h">
      <Filter>Header Files</Filter>
    </ClInclude>
    <ClInclude Include="skein.h">
      <Filter>Header Files</Filter>
    </ClInclude>
    <ClInclude Include="stdint.h">
      <Filter>Header Files</Filter>
    </ClInclude>
    <ClInclude Include="x11.h">
      <Filter>Header Files</Filter>
    </ClInclude>
    <ClInclude Include="x13.h">
      <Filter>Header Files</Filter>
    </ClInclude>
    <ClInclude Include="x14.h">
      <Filter>Header Files</Filter>
    </ClInclude>
    <ClInclude Include="x15.h">
      <Filter>Header Files</Filter>
    </ClInclude>
    <ClInclude Include="sha256.h">
      <Filter>Header Files</Filter>
    </ClInclude>
    <ClInclude Include="sha3\sph_blake.h">
      <Filter>Header Files</Filter>
    </ClInclude>
    <ClInclude Include="sha3\sph_bmw.h">
      <Filter>Header Files</Filter>
    </ClInclude>
    <ClInclude Include="sha3\sph_cubehash.h">
      <Filter>Header Files</Filter>
    </ClInclude>
    <ClInclude Include="sha3\sph_echo.h">
      <Filter>Header Files</Filter>
    </ClInclude>
    <ClInclude Include="sha3\sph_fugue.h">
      <Filter>Header Files</Filter>
    </ClInclude>
    <ClInclude Include="sha3\sph_groestl.h">
      <Filter>Header Files</Filter>
    </ClInclude>
    <ClInclude Include="sha3\sph_hamsi.h">
      <Filter>Header Files</Filter>
    </ClInclude>
    <ClInclude Include="sha3\sph_hefty1.h">
      <Filter>Header Files</Filter>
    </ClInclude>
    <ClInclude Include="sha3\sph_jh.h">
      <Filter>Header Files</Filter>
    </ClInclude>
    <ClInclude Include="sha3\sph_keccak.h">
      <Filter>Header Files</Filter>
    </ClInclude>
    <ClInclude Include="sha3\sph_luffa.h">
      <Filter>Header Files</Filter>
    </ClInclude>
    <ClInclude Include="sha3\sph_shabal.h">
      <Filter>Header Files</Filter>
    </ClInclude>
    <ClInclude Include="sha3\sph_shavite.h">
      <Filter>Header Files</Filter>
    </ClInclude>
    <ClInclude Include="sha3\sph_simd.h">
      <Filter>Header Files</Filter>
    </ClInclude>
    <ClInclude Include="sha3\sph_skein.h">
      <Filter>Header Files</Filter>
    </ClInclude>
    <ClInclude Include="sha3\sph_types.h">
      <Filter>Header Files</Filter>
    </ClInclude>
    <ClInclude Include="sha3\sph_whirlpool.h">
      <Filter>Header Files</Filter>
    </ClInclude>
    <ClInclude Include="equi\equi.h">
      <Filter>Header Files</Filter>
    </ClInclude>
    <ClInclude Include="equi\endian.h">
      <Filter>Header Files</Filter>
    </ClInclude>
    <ClInclude Include="libethash\compiler.h">
      <Filter>Header Files</Filter>
    </ClInclude>
    <ClInclude Include="libethash\data_sizes.h">
      <Filter>Header Files</Filter>
    </ClInclude>
    <ClInclude Include="libethash\endian.h">
      <Filter>Header Files</Filter>
    </ClInclude>
    <ClInclude Include="libethash\ethash.h">
      <Filter>Header Files</Filter>
    </ClInclude>
    <ClInclude Include="libethash\fnv.h">
      <Filter>Header Files</Filter>
    </ClInclude>
    <ClInclude Include="libethash\internal.h">
      <Filter>Header Files</Filter>
    </ClInclude>
    <ClInclude Include="libethash\io.h">
      <Filter>Header Files</Filter>
    </ClInclude>
    <ClInclude Include="libethash\mmap.h">
      <Filter>Header Files</Filter>
    </ClInclude>
    <ClInclude Include="libethash\sha3.h">
      <Filter>Header Files</Filter>
    </ClInclude>
    <ClInclude Include="libethash\util.h">
      <Filter>Header Files</Filter>
    </ClInclude>
    <ClInclude Include="Lyra2.h">
      <Filter>Header Files</Filter>
    </ClInclude>
    <ClInclude Include="Lyra2RE.h">
      <Filter>Header Files</Filter>
    </ClInclude>
    <ClInclude Include="Sponge.h">
      <Filter>Header Files</Filter>
    </ClInclude>
    <ClInclude Include="x17.h">
      <Filter>Header Files</Filter>
    </ClInclude>
    <ClInclude Include="sha3\sph_haval.h">
      <Filter>Header Files</Filter>
    </ClInclude>
    <ClInclude Include="sha3\sph_sha2.h">
      <Filter>Header Files</Filter>
    </ClInclude>
    <ClInclude Include="sha3\sph_blake2s.h">
      <Filter>Header Files</Filter>
    </ClInclude>
    <ClInclude Include="blake2s.h">
      <Filter>Header Files</Filter>
    </ClInclude>
    <ClInclude Include="x16r.h">
      <Filter>Header Files</Filter>
    </ClInclude>
    <ClInclude Include="x16s.h">
      <Filter>Header Files</Filter>
    </ClInclude>
  </ItemGroup>
  <ItemGroup>
    <ClCompile Include="stdafx.cpp">
      <Filter>Source Files</Filter>
    </ClCompile>
    <ClCompile Include="dllmain.cpp">
      <Filter>Source Files</Filter>
    </ClCompile>
    <ClCompile Include="blake.c">
      <Filter>Source Files</Filter>
    </ClCompile>
    <ClCompile Include="bcrypt.c">
      <Filter>Source Files</Filter>
    </ClCompile>
    <ClCompile Include="c11.c">
      <Filter>Source Files</Filter>
    </ClCompile>
    <ClCompile Include="dcrypt.c">
      <Filter>Source Files</Filter>
    </ClCompile>
    <ClCompile Include="fresh.c">
      <Filter>Source Files</Filter>
    </ClCompile>
    <ClCompile Include="fugue.c">
      <Filter>Source Files</Filter>
    </ClCompile>
    <ClCompile Include="groestl.c">
      <Filter>Source Files</Filter>
    </ClCompile>
    <ClCompile Include="hefty1.c">
      <Filter>Source Files</Filter>
    </ClCompile>
    <ClCompile Include="jh.c">
      <Filter>Source Files</Filter>
    </ClCompile>
    <ClCompile Include="keccak.c">
      <Filter>Source Files</Filter>
    </ClCompile>
    <ClCompile Include="neoscrypt.c">
      <Filter>Source Files</Filter>
    </ClCompile>
    <ClCompile Include="nist5.c">
      <Filter>Source Files</Filter>
    </ClCompile>
    <ClCompile Include="quark.c">
      <Filter>Source Files</Filter>
    </ClCompile>
    <ClCompile Include="qubit.c">
      <Filter>Source Files</Filter>
    </ClCompile>
    <ClCompile Include="s3.c">
      <Filter>Source Files</Filter>
    </ClCompile>
    <ClCompile Include="scryptn.c">
      <Filter>Source Files</Filter>
    </ClCompile>
    <ClCompile Include="shavite3.c">
      <Filter>Source Files</Filter>
    </ClCompile>
    <ClCompile Include="skein.c">
      <Filter>Source Files</Filter>
    </ClCompile>
    <ClCompile Include="x11.c">
      <Filter>Source Files</Filter>
    </ClCompile>
    <ClCompile Include="x13.c">
      <Filter>Source Files</Filter>
    </ClCompile>
    <ClCompile Include="x14.c">
      <Filter>Source Files</Filter>
    </ClCompile>
    <ClCompile Include="x15.c">
      <Filter>Source Files</Filter>
    </ClCompile>
    <ClCompile Include="sha3\aes_helper.c">
      <Filter>Source Files</Filter>
    </ClCompile>
    <ClCompile Include="sha3\hamsi.c">
      <Filter>Source Files</Filter>
    </ClCompile>
    <ClCompile Include="sha3\sph_blake.c">
      <Filter>Source Files</Filter>
    </ClCompile>
    <ClCompile Include="sha3\sph_bmw.c">
      <Filter>Source Files</Filter>
    </ClCompile>
    <ClCompile Include="sha3\sph_cubehash.c">
      <Filter>Source Files</Filter>
    </ClCompile>
    <ClCompile Include="sha3\sph_echo.c">
      <Filter>Source Files</Filter>
    </ClCompile>
    <ClCompile Include="sha3\sph_fugue.c">
      <Filter>Source Files</Filter>
    </ClCompile>
    <ClCompile Include="sha3\sph_groestl.c">
      <Filter>Source Files</Filter>
    </ClCompile>
    <ClCompile Include="sha3\sph_hefty1.c">
      <Filter>Source Files</Filter>
    </ClCompile>
    <ClCompile Include="sha3\sph_jh.c">
      <Filter>Source Files</Filter>
    </ClCompile>
    <ClCompile Include="sha3\sph_keccak.c">
      <Filter>Source Files</Filter>
    </ClCompile>
    <ClCompile Include="sha3\sph_luffa.c">
      <Filter>Source Files</Filter>
    </ClCompile>
    <ClCompile Include="sha3\sph_shabal.c">
      <Filter>Source Files</Filter>
    </ClCompile>
    <ClCompile Include="sha3\sph_shavite.c">
      <Filter>Source Files</Filter>
    </ClCompile>
    <ClCompile Include="sha3\sph_simd.c">
      <Filter>Source Files</Filter>
    </ClCompile>
    <ClCompile Include="sha3\sph_skein.c">
      <Filter>Source Files</Filter>
    </ClCompile>
    <ClCompile Include="sha3\sph_whirlpool.c">
      <Filter>Source Files</Filter>
    </ClCompile>
    <ClCompile Include="exports.cpp">
      <Filter>Source Files</Filter>
    </ClCompile>
    <ClCompile Include="equi\equi.c">
      <Filter>Source Files</Filter>
    </ClCompile>
    <ClCompile Include="equi\endian.c">
      <Filter>Source Files</Filter>
    </ClCompile>
    <ClCompile Include="libethash\internal.c">
      <Filter>Source Files</Filter>
    </ClCompile>
    <ClCompile Include="libethash\io.c">
      <Filter>Source Files</Filter>
    </ClCompile>
    <ClCompile Include="libethash\io_win32.c">
      <Filter>Source Files</Filter>
    </ClCompile>
    <ClCompile Include="libethash\mmap_win32.c">
      <Filter>Source Files</Filter>
    </ClCompile>
    <ClCompile Include="libethash\sha3.c">
      <Filter>Source Files</Filter>
    </ClCompile>
    <ClCompile Include="libethash\util_win32.c">
      <Filter>Source Files</Filter>
    </ClCompile>
    <ClCompile Include="Lyra2.c">
      <Filter>Source Files</Filter>
    </ClCompile>
    <ClCompile Include="Lyra2RE.c">
      <Filter>Source Files</Filter>
    </ClCompile>
    <ClCompile Include="Sponge.c">
      <Filter>Source Files</Filter>
    </ClCompile>
    <ClCompile Include="x17.c">
      <Filter>Source Files</Filter>
    </ClCompile>
    <ClCompile Include="sha3\sph_haval.c">
      <Filter>Source Files</Filter>
    </ClCompile>
    <ClCompile Include="sha3\sph_sha2.c">
      <Filter>Source Files</Filter>
    </ClCompile>
    <ClCompile Include="sha3\sph_sha2big.c">
      <Filter>Source Files</Filter>
    </ClCompile>
    <ClCompile Include="sha3\sph_blake2s.c">
      <Filter>Source Files</Filter>
    </ClCompile>
    <ClCompile Include="blake2s.c">
      <Filter>Source Files</Filter>
    </ClCompile>
    <ClCompile Include="x16r.c">
      <Filter>Source Files</Filter>
    </ClCompile>
    <ClCompile Include="x16s.c">
      <Filter>Source Files</Filter>
    </ClCompile>
  </ItemGroup>
  <ItemGroup>
    <None Include="Makefile" />
  </ItemGroup>
</Project>