<?xml version="1.0" encoding="utf-8"?>
<Project ToolsVersion="4.0" xmlns="http://schemas.microsoft.com/developer/msbuild/2003">
  <ItemGroup>
    <Filter Include="Source Files">
      <UniqueIdentifier>{4FC737F1-C7A5-4376-A066-2A32D752A2FF}</UniqueIdentifier>
      <Extensions>cpp;c;cc;cxx;def;odl;idl;hpj;bat;asm;asmx</Extensions>
    </Filter>
    <Filter Include="Header Files">
      <UniqueIdentifier>{93995380-89BD-4b04-88EB-625FBE52EBFB}</UniqueIdentifier>
      <Extensions>h;hh;hpp;hxx;hm;inl;inc;xsd</Extensions>
    </Filter>
  </ItemGroup>
  <ItemGroup>
    <ClInclude Include="crypto\crypto.h">
      <Filter>Header Files</Filter>
    </ClInclude>
    <ClInclude Include="crypto\c_blake256.h">
      <Filter>Header Files</Filter>
    </ClInclude>
    <ClInclude Include="crypto\c_groestl.h">
      <Filter>Header Files</Filter>
    </ClInclude>
    <ClInclude Include="crypto\c_jh.h">
      <Filter>Header Files</Filter>
    </ClInclude>
    <ClInclude Include="crypto\c_keccak.h">
      <Filter>Header Files</Filter>
    </ClInclude>
    <ClInclude Include="crypto\c_skein.h">
      <Filter>Header Files</Filter>
    </ClInclude>
    <ClInclude Include="crypto\groestl_tables.h">
      <Filter>Header Files</Filter>
    </ClInclude>
    <ClInclude Include="crypto\hash-ops.h">
      <Filter>Header Files</Filter>
    </ClInclude>
    <ClInclude Include="crypto\hash.h">
      <Filter>Header Files</Filter>
    </ClInclude>
    <ClInclude Include="crypto\int-util.h">
      <Filter>Header Files</Filter>
    </ClInclude>
    <ClInclude Include="crypto\oaes_config.h">
      <Filter>Header Files</Filter>
    </ClInclude>
    <ClInclude Include="crypto\oaes_lib.h">
      <Filter>Header Files</Filter>
    </ClInclude>
    <ClInclude Include="crypto\skein_port.h">
      <Filter>Header Files</Filter>
    </ClInclude>
    <ClInclude Include="crypto\wild_keccak.h">
      <Filter>Header Files</Filter>
    </ClInclude>
    <ClInclude Include="crypto\blake256.h">
      <Filter>Header Files</Filter>
    </ClInclude>
    <ClInclude Include="crypto\crypto-ops.h">
      <Filter>Header Files</Filter>
    </ClInclude>
    <ClInclude Include="crypto\groestl.h">
      <Filter>Header Files</Filter>
    </ClInclude>
    <ClInclude Include="crypto\initializer.h">
      <Filter>Header Files</Filter>
    </ClInclude>
    <ClInclude Include="crypto\jh.h">
      <Filter>Header Files</Filter>
    </ClInclude>
    <ClInclude Include="crypto\keccak.h">
      <Filter>Header Files</Filter>
    </ClInclude>
    <ClInclude Include="crypto\random.h">
      <Filter>Header Files</Filter>
    </ClInclude>
    <ClInclude Include="crypto\skein.h">
      <Filter>Header Files</Filter>
    </ClInclude>
    <ClInclude Include="stdafx.h">
      <Filter>Header Files</Filter>
    </ClInclude>
    <ClInclude Include="cryptonote_config.h">
      <Filter>Header Files</Filter>
    </ClInclude>
    <ClInclude Include="targetver.h">
      <Filter>Header Files</Filter>
    </ClInclude>
    <ClInclude Include="crypto\generic-ops.h">
      <Filter>Header Files</Filter>
    </ClInclude>
    <ClInclude Include="cryptonote_basic\cryptonote_format_utils.h">
      <Filter>Header Files</Filter>
    </ClInclude>
    <ClInclude Include="common\base58.h">
      <Filter>Header Files</Filter>
    </ClInclude>
    <ClInclude Include="common\int-util.h">
      <Filter>Header Files</Filter>
    </ClInclude>
    <ClInclude Include="common\pod-class.h">
      <Filter>Header Files</Filter>
    </ClInclude>
    <ClInclude Include="common\varint.h">
      <Filter>Header Files</Filter>
    </ClInclude>
    <ClInclude Include="serialization\binary_utils.h">
      <Filter>Header Files</Filter>
    </ClInclude>
    <ClInclude Include="serialization\binary_archive.h">
      <Filter>Header Files</Filter>
    </ClInclude>
    <ClInclude Include="crypto\chacha.h">
      <Filter>Header Files</Filter>
    </ClInclude>
    <ClInclude Include="cryptonote_basic\cryptonote_basic_impl.h">
      <Filter>Header Files</Filter>
    </ClInclude>
  </ItemGroup>
  <ItemGroup>
    <ClCompile Include="stdafx.cpp">
      <Filter>Source Files</Filter>
    </ClCompile>
    <ClCompile Include="dllmain.cpp">
      <Filter>Source Files</Filter>
    </ClCompile>
    <ClCompile Include="crypto\blake256.c">
      <Filter>Source Files</Filter>
    </ClCompile>
    <ClCompile Include="crypto\crypto-ops-data.c">
      <Filter>Source Files</Filter>
    </ClCompile>
    <ClCompile Include="crypto\crypto-ops.c">
      <Filter>Source Files</Filter>
    </ClCompile>
    <ClCompile Include="crypto\crypto.cpp">
      <Filter>Source Files</Filter>
    </ClCompile>
    <ClCompile Include="crypto\groestl.c">
      <Filter>Source Files</Filter>
    </ClCompile>
    <ClCompile Include="crypto\hash-extra-blake.c">
      <Filter>Source Files</Filter>
    </ClCompile>
    <ClCompile Include="crypto\hash-extra-groestl.c">
      <Filter>Source Files</Filter>
    </ClCompile>
    <ClCompile Include="crypto\hash-extra-jh.c">
      <Filter>Source Files</Filter>
    </ClCompile>
    <ClCompile Include="crypto\hash-extra-skein.c">
      <Filter>Source Files</Filter>
    </ClCompile>
    <ClCompile Include="crypto\jh.c">
      <Filter>Source Files</Filter>
    </ClCompile>
    <ClCompile Include="crypto\keccak.c">
      <Filter>Source Files</Filter>
    </ClCompile>
    <ClCompile Include="crypto\random.c">
      <Filter>Source Files</Filter>
    </ClCompile>
    <ClCompile Include="crypto\skein.c">
      <Filter>Source Files</Filter>
    </ClCompile>
    <ClCompile Include="cryptonote_basic\cryptonote_format_utils.cpp">
      <Filter>Source Files</Filter>
    </ClCompile>
    <ClCompile Include="exports.cpp">
      <Filter>Source Files</Filter>
    </ClCompile>
    <ClCompile Include="crypto\hash.c">
      <Filter>Source Files</Filter>
    </ClCompile>
    <ClCompile Include="crypto\tree-hash.c">
      <Filter>Source Files</Filter>
    </ClCompile>
    <ClCompile Include="crypto\aesb.c">
      <Filter>Source Files</Filter>
    </ClCompile>
    <ClCompile Include="crypto\oaes_lib.c">
      <Filter>Source Files</Filter>
    </ClCompile>
    <ClCompile Include="common\base58.cpp">
      <Filter>Source Files</Filter>
    </ClCompile>
    <ClCompile Include="contrib\epee\src\hex.cpp">
      <Filter>Source Files</Filter>
    </ClCompile>
    <ClCompile Include="crypto\chacha.c">
      <Filter>Source Files</Filter>
    </ClCompile>
    <ClCompile Include="contrib\epee\src\memwipe.c">
      <Filter>Source Files</Filter>
    </ClCompile>
    <ClCompile Include="crypto\slow-hash.c">
      <Filter>Source Files</Filter>
    </ClCompile>
  </ItemGroup>
  <ItemGroup>
    <None Include="Makefile" />
    <None Include="Makefile.MSys2" />
  </ItemGroup>
</Project>