
Microsoft Visual Studio Solution File, Format Version 12.00
# Visual Studio 15
VisualStudioVersion = 15.0.26621.2
MinimumVisualStudioVersion = 10.0.40219.1
Project("{9A19103F-16F7-4668-BE54-9A1E7A4F7556}") = "ServiceHost", "ServiceHost\ServiceHost.csproj", "{A427248A-B5E1-4808-9883-BC2AD68EE997}"
EndProject
Project("{9A19103F-16F7-4668-BE54-9A1E7A4F7556}") = "Transport.LibUv", "Transport.LibUv\Transport.LibUv.csproj", "{C512E655-4C3A-426F-8189-B5CF3338A411}"
EndProject
Project("{FAE04EC0-301F-11D3-BF4B-00C04F79EFBC}") = "Transport", "Transport\Transport.csproj", "{65B63E68-64A5-41B7-8214-D7C74DEEE28E}"
EndProject
Global
	GlobalSection(SolutionConfigurationPlatforms) = preSolution
		Debug|Any CPU = Debug|Any CPU
		Release|Any CPU = Release|Any CPU
	EndGlobalSection
	GlobalSection(ProjectConfigurationPlatforms) = postSolution
		{A427248A-B5E1-4808-9883-BC2AD68EE997}.Debug|Any CPU.ActiveCfg = Debug|Any CPU
		{A427248A-B5E1-4808-9883-BC2AD68EE997}.Debug|Any CPU.Build.0 = Debug|Any CPU
		{A427248A-B5E1-4808-9883-BC2AD68EE997}.Release|Any CPU.ActiveCfg = Release|Any CPU
		{A427248A-B5E1-4808-9883-BC2AD68EE997}.Release|Any CPU.Build.0 = Release|Any CPU
		{C512E655-4C3A-426F-8189-B5CF3338A411}.Debug|Any CPU.ActiveCfg = Debug|Any CPU
		{C512E655-4C3A-426F-8189-B5CF3338A411}.Debug|Any CPU.Build.0 = Debug|Any CPU
		{C512E655-4C3A-426F-8189-B5CF3338A411}.Release|Any CPU.ActiveCfg = Release|Any CPU
		{C512E655-4C3A-426F-8189-B5CF3338A411}.Release|Any CPU.Build.0 = Release|Any CPU
		{65B63E68-64A5-41B7-8214-D7C74DEEE28E}.Debug|Any CPU.ActiveCfg = Debug|Any CPU
		{65B63E68-64A5-41B7-8214-D7C74DEEE28E}.Debug|Any CPU.Build.0 = Debug|Any CPU
		{65B63E68-64A5-41B7-8214-D7C74DEEE28E}.Release|Any CPU.ActiveCfg = Release|Any CPU
		{65B63E68-64A5-41B7-8214-D7C74DEEE28E}.Release|Any CPU.Build.0 = Release|Any CPU
	EndGlobalSection
	GlobalSection(SolutionProperties) = preSolution
		HideSolutionNode = FALSE
	EndGlobalSection
	GlobalSection(ExtensibilityGlobals) = postSolution
		SolutionGuid = {A0580AF2-6B0C-403F-9579-32D03A89CAC8}
	EndGlobalSection
EndGlobal
