
Microsoft Visual Studio Solution File, Format Version 12.00
# Visual Studio 15
VisualStudioVersion = 15.0.26621.2
MinimumVisualStudioVersion = 10.0.40219.1
Project("{9A19103F-16F7-4668-BE54-9A1E7A4F7556}") = "MiningCore", "MiningCore\MiningCore.csproj", "{A427248A-B5E1-4808-9883-BC2AD68EE997}"
EndProject
Project("{9A19103F-16F7-4668-BE54-9A1E7A4F7556}") = "Configuration", "Configuration\Configuration.csproj", "{3BCC486D-95D3-4C58-A41F-D2CC2217F29D}"
EndProject
Project("{9A19103F-16F7-4668-BE54-9A1E7A4F7556}") = "CodeContracts", "CodeContracts\CodeContracts.csproj", "{4D9656F8-6E22-4FEF-A1DA-320D8866B63A}"
EndProject
Project("{9A19103F-16F7-4668-BE54-9A1E7A4F7556}") = "LibUvManaged", "LibUvManaged\LibUvManaged.csproj", "{ED3E233B-D01C-46F9-B6C3-6F9176C41395}"
EndProject
Global
	GlobalSection(SolutionConfigurationPlatforms) = preSolution
		Debug|Any CPU = Debug|Any CPU
		Release|Any CPU = Release|Any CPU
	EndGlobalSection
	GlobalSection(ProjectConfigurationPlatforms) = postSolution
		{A427248A-B5E1-4808-9883-BC2AD68EE997}.Debug|Any CPU.ActiveCfg = Debug|Any CPU
		{A427248A-B5E1-4808-9883-BC2AD68EE997}.Debug|Any CPU.Build.0 = Debug|Any CPU
		{A427248A-B5E1-4808-9883-BC2AD68EE997}.Release|Any CPU.ActiveCfg = Release|Any CPU
		{A427248A-B5E1-4808-9883-BC2AD68EE997}.Release|Any CPU.Build.0 = Release|Any CPU
		{3BCC486D-95D3-4C58-A41F-D2CC2217F29D}.Debug|Any CPU.ActiveCfg = Debug|Any CPU
		{3BCC486D-95D3-4C58-A41F-D2CC2217F29D}.Debug|Any CPU.Build.0 = Debug|Any CPU
		{3BCC486D-95D3-4C58-A41F-D2CC2217F29D}.Release|Any CPU.ActiveCfg = Release|Any CPU
		{3BCC486D-95D3-4C58-A41F-D2CC2217F29D}.Release|Any CPU.Build.0 = Release|Any CPU
		{4D9656F8-6E22-4FEF-A1DA-320D8866B63A}.Debug|Any CPU.ActiveCfg = Debug|Any CPU
		{4D9656F8-6E22-4FEF-A1DA-320D8866B63A}.Debug|Any CPU.Build.0 = Debug|Any CPU
		{4D9656F8-6E22-4FEF-A1DA-320D8866B63A}.Release|Any CPU.ActiveCfg = Release|Any CPU
		{4D9656F8-6E22-4FEF-A1DA-320D8866B63A}.Release|Any CPU.Build.0 = Release|Any CPU
		{ED3E233B-D01C-46F9-B6C3-6F9176C41395}.Debug|Any CPU.ActiveCfg = Debug|Any CPU
		{ED3E233B-D01C-46F9-B6C3-6F9176C41395}.Debug|Any CPU.Build.0 = Debug|Any CPU
		{ED3E233B-D01C-46F9-B6C3-6F9176C41395}.Release|Any CPU.ActiveCfg = Release|Any CPU
		{ED3E233B-D01C-46F9-B6C3-6F9176C41395}.Release|Any CPU.Build.0 = Release|Any CPU
	EndGlobalSection
	GlobalSection(SolutionProperties) = preSolution
		HideSolutionNode = FALSE
	EndGlobalSection
	GlobalSection(ExtensibilityGlobals) = postSolution
		SolutionGuid = {A0580AF2-6B0C-403F-9579-32D03A89CAC8}
	EndGlobalSection
EndGlobal
