
Microsoft Visual Studio Solution File, Format Version 12.00
# Visual Studio 15
VisualStudioVersion = 15.0.26724.1
MinimumVisualStudioVersion = 10.0.40219.1
Project("{FAE04EC0-301F-11D3-BF4B-00C04F79EFBC}") = "MiningForce.Web", "MiningForce.Web\MiningForce.Web.csproj", "{933BBE7C-2896-4A94-B5B9-71935CA84D69}"
EndProject
Global
	GlobalSection(SolutionConfigurationPlatforms) = preSolution
		Debug|Any CPU = Debug|Any CPU
		Release|Any CPU = Release|Any CPU
	EndGlobalSection
	GlobalSection(ProjectConfigurationPlatforms) = postSolution
		{933BBE7C-2896-4A94-B5B9-71935CA84D69}.Debug|Any CPU.ActiveCfg = Debug|Any CPU
		{933BBE7C-2896-4A94-B5B9-71935CA84D69}.Debug|Any CPU.Build.0 = Debug|Any CPU
		{933BBE7C-2896-4A94-B5B9-71935CA84D69}.Release|Any CPU.ActiveCfg = Release|Any CPU
		{933BBE7C-2896-4A94-B5B9-71935CA84D69}.Release|Any CPU.Build.0 = Release|Any CPU
	EndGlobalSection
	GlobalSection(SolutionProperties) = preSolution
		HideSolutionNode = FALSE
	EndGlobalSection
	GlobalSection(ExtensibilityGlobals) = postSolution
		SolutionGuid = {D98CC580-0849-4A08-A003-2B77633D1F2D}
	EndGlobalSection
EndGlobal
