
Microsoft Visual Studio Solution File, Format Version 12.00
# Visual Studio Version 16
VisualStudioVersion = 16.0.28729.10
MinimumVisualStudioVersion = 10.0.40219.1
Project("{9A19103F-16F7-4668-BE54-9A1E7A4F7556}") = "Miningcore", "Miningcore\Miningcore.csproj", "{A427248A-B5E1-4808-9883-BC2AD68EE997}"
EndProject
Project("{9A19103F-16F7-4668-BE54-9A1E7A4F7556}") = "Miningcore.Tests", "Miningcore.Tests\Miningcore.Tests.csproj", "{DCDE9CE6-84B8-42FE-AA55-2A3909A5E757}"
EndProject
Project("{2150E333-8FDC-42A3-9474-1A3956D46DE8}") = "Solution Items", "Solution Items", "{71672AAD-51F8-49EC-9EFD-E504D65A765A}"
	ProjectSection(SolutionItems) = preProject
		.editorconfig = .editorconfig
	EndProjectSection
EndProject
Global
	GlobalSection(SolutionConfigurationPlatforms) = preSolution
		Debug|Any CPU = Debug|Any CPU
		Release|Any CPU = Release|Any CPU
	EndGlobalSection
	GlobalSection(ProjectConfigurationPlatforms) = postSolution
		{A427248A-B5E1-4808-9883-BC2AD68EE997}.Debug|Any CPU.ActiveCfg = Debug|Any CPU
		{A427248A-B5E1-4808-9883-BC2AD68EE997}.Debug|Any CPU.Build.0 = Debug|Any CPU
		{A427248A-B5E1-4808-9883-BC2AD68EE997}.Release|Any CPU.ActiveCfg = Release|Any CPU
		{A427248A-B5E1-4808-9883-BC2AD68EE997}.Release|Any CPU.Build.0 = Release|Any CPU
		{DCDE9CE6-84B8-42FE-AA55-2A3909A5E757}.Debug|Any CPU.ActiveCfg = Debug|Any CPU
		{DCDE9CE6-84B8-42FE-AA55-2A3909A5E757}.Debug|Any CPU.Build.0 = Debug|Any CPU
		{DCDE9CE6-84B8-42FE-AA55-2A3909A5E757}.Release|Any CPU.ActiveCfg = Release|Any CPU
		{DCDE9CE6-84B8-42FE-AA55-2A3909A5E757}.Release|Any CPU.Build.0 = Release|Any CPU
	EndGlobalSection
	GlobalSection(SolutionProperties) = preSolution
		HideSolutionNode = FALSE
	EndGlobalSection
	GlobalSection(ExtensibilityGlobals) = postSolution
		SolutionGuid = {A0580AF2-6B0C-403F-9579-32D03A89CAC8}
	EndGlobalSection
EndGlobal
